
Microsoft Visual Studio Solution File, Format Version 12.00
# Visual Studio 2012
Project("{FAE04EC0-301F-11D3-BF4B-00C04F79EFBC}") = "Banco.Business", "Banco.Business\Banco.Business.csproj", "{C19172D9-7016-433B-9D8C-3B4ABDB7018F}"
EndProject
Project("{FAE04EC0-301F-11D3-BF4B-00C04F79EFBC}") = "Banco.Data", "Banco.Data\Banco.Data.csproj", "{B91C8717-02D6-4235-BDA9-585188F24A0C}"
EndProject
Project("{FAE04EC0-301F-11D3-BF4B-00C04F79EFBC}") = "Banco.Model", "Banco.Model\Banco.Model.csproj", "{8BF41B86-F895-42AF-92DA-DEE4C7B01B80}"
EndProject
Project("{FAE04EC0-301F-11D3-BF4B-00C04F79EFBC}") = "Banco.UnitTest", "Banco.UnitTest\Banco.UnitTest.csproj", "{352E929C-0163-4113-A6A0-0EE7651D0803}"
EndProject
Global
	GlobalSection(SolutionConfigurationPlatforms) = preSolution
		Debug|Any CPU = Debug|Any CPU
		Release|Any CPU = Release|Any CPU
	EndGlobalSection
	GlobalSection(ProjectConfigurationPlatforms) = postSolution
		{C19172D9-7016-433B-9D8C-3B4ABDB7018F}.Debug|Any CPU.ActiveCfg = Debug|Any CPU
		{C19172D9-7016-433B-9D8C-3B4ABDB7018F}.Debug|Any CPU.Build.0 = Debug|Any CPU
		{C19172D9-7016-433B-9D8C-3B4ABDB7018F}.Release|Any CPU.ActiveCfg = Release|Any CPU
		{C19172D9-7016-433B-9D8C-3B4ABDB7018F}.Release|Any CPU.Build.0 = Release|Any CPU
		{B91C8717-02D6-4235-BDA9-585188F24A0C}.Debug|Any CPU.ActiveCfg = Debug|Any CPU
		{B91C8717-02D6-4235-BDA9-585188F24A0C}.Debug|Any CPU.Build.0 = Debug|Any CPU
		{B91C8717-02D6-4235-BDA9-585188F24A0C}.Release|Any CPU.ActiveCfg = Release|Any CPU
		{B91C8717-02D6-4235-BDA9-585188F24A0C}.Release|Any CPU.Build.0 = Release|Any CPU
		{8BF41B86-F895-42AF-92DA-DEE4C7B01B80}.Debug|Any CPU.ActiveCfg = Debug|Any CPU
		{8BF41B86-F895-42AF-92DA-DEE4C7B01B80}.Debug|Any CPU.Build.0 = Debug|Any CPU
		{8BF41B86-F895-42AF-92DA-DEE4C7B01B80}.Release|Any CPU.ActiveCfg = Release|Any CPU
		{8BF41B86-F895-42AF-92DA-DEE4C7B01B80}.Release|Any CPU.Build.0 = Release|Any CPU
		{352E929C-0163-4113-A6A0-0EE7651D0803}.Debug|Any CPU.ActiveCfg = Debug|Any CPU
		{352E929C-0163-4113-A6A0-0EE7651D0803}.Debug|Any CPU.Build.0 = Debug|Any CPU
		{352E929C-0163-4113-A6A0-0EE7651D0803}.Release|Any CPU.ActiveCfg = Release|Any CPU
		{352E929C-0163-4113-A6A0-0EE7651D0803}.Release|Any CPU.Build.0 = Release|Any CPU
	EndGlobalSection
	GlobalSection(SolutionProperties) = preSolution
		HideSolutionNode = FALSE
	EndGlobalSection
	GlobalSection(ExtensibilityGlobals) = postSolution
		EnterpriseLibraryConfigurationToolBinariesPathV6 = packages\EnterpriseLibrary.Common.6.0.1304.0\lib\NET45;packages\EnterpriseLibrary.Data.6.0.1304.0\lib\NET45
	EndGlobalSection
EndGlobal
