
Microsoft Visual Studio Solution File, Format Version 12.00
# Visual Studio 2012
Project("{FAE04EC0-301F-11D3-BF4B-00C04F79EFBC}") = "AutoInsurance.Web", "AutoInsurance\AutoInsurance.Web.csproj", "{CD156318-CFE4-4672-B742-41DC887586C7}"
EndProject
Project("{FAE04EC0-301F-11D3-BF4B-00C04F79EFBC}") = "AutoInsurance.Business", "AutoInsurance.Business\AutoInsurance.Business.csproj", "{BAC52BC0-15B7-4332-9F87-ECC444685BE6}"
EndProject
Project("{FAE04EC0-301F-11D3-BF4B-00C04F79EFBC}") = "AutoInsurance.Data", "AutoInsurance.Data\AutoInsurance.Data.csproj", "{100D2408-CF27-490D-A112-01656157F8F0}"
EndProject
Project("{FAE04EC0-301F-11D3-BF4B-00C04F79EFBC}") = "AutoInsurance.Model", "AutoInsurance.Model\AutoInsurance.Model.csproj", "{080CF069-6009-47BF-997C-6CED9C03C845}"
EndProject
Project("{FAE04EC0-301F-11D3-BF4B-00C04F79EFBC}") = "AutoInsurance.UnitTest", "AutoInsurance.UnitTest\AutoInsurance.UnitTest.csproj", "{E0E6C1F9-37B2-40BC-B1F1-E8478C610028}"
EndProject
Global
	GlobalSection(SolutionConfigurationPlatforms) = preSolution
		Debug|Any CPU = Debug|Any CPU
		Release|Any CPU = Release|Any CPU
	EndGlobalSection
	GlobalSection(ProjectConfigurationPlatforms) = postSolution
		{CD156318-CFE4-4672-B742-41DC887586C7}.Debug|Any CPU.ActiveCfg = Debug|Any CPU
		{CD156318-CFE4-4672-B742-41DC887586C7}.Debug|Any CPU.Build.0 = Debug|Any CPU
		{CD156318-CFE4-4672-B742-41DC887586C7}.Release|Any CPU.ActiveCfg = Release|Any CPU
		{CD156318-CFE4-4672-B742-41DC887586C7}.Release|Any CPU.Build.0 = Release|Any CPU
		{BAC52BC0-15B7-4332-9F87-ECC444685BE6}.Debug|Any CPU.ActiveCfg = Debug|Any CPU
		{BAC52BC0-15B7-4332-9F87-ECC444685BE6}.Debug|Any CPU.Build.0 = Debug|Any CPU
		{BAC52BC0-15B7-4332-9F87-ECC444685BE6}.Release|Any CPU.ActiveCfg = Release|Any CPU
		{BAC52BC0-15B7-4332-9F87-ECC444685BE6}.Release|Any CPU.Build.0 = Release|Any CPU
		{100D2408-CF27-490D-A112-01656157F8F0}.Debug|Any CPU.ActiveCfg = Debug|Any CPU
		{100D2408-CF27-490D-A112-01656157F8F0}.Debug|Any CPU.Build.0 = Debug|Any CPU
		{100D2408-CF27-490D-A112-01656157F8F0}.Release|Any CPU.ActiveCfg = Release|Any CPU
		{100D2408-CF27-490D-A112-01656157F8F0}.Release|Any CPU.Build.0 = Release|Any CPU
		{080CF069-6009-47BF-997C-6CED9C03C845}.Debug|Any CPU.ActiveCfg = Debug|Any CPU
		{080CF069-6009-47BF-997C-6CED9C03C845}.Debug|Any CPU.Build.0 = Debug|Any CPU
		{080CF069-6009-47BF-997C-6CED9C03C845}.Release|Any CPU.ActiveCfg = Release|Any CPU
		{080CF069-6009-47BF-997C-6CED9C03C845}.Release|Any CPU.Build.0 = Release|Any CPU
		{E0E6C1F9-37B2-40BC-B1F1-E8478C610028}.Debug|Any CPU.ActiveCfg = Debug|Any CPU
		{E0E6C1F9-37B2-40BC-B1F1-E8478C610028}.Debug|Any CPU.Build.0 = Debug|Any CPU
		{E0E6C1F9-37B2-40BC-B1F1-E8478C610028}.Release|Any CPU.ActiveCfg = Release|Any CPU
		{E0E6C1F9-37B2-40BC-B1F1-E8478C610028}.Release|Any CPU.Build.0 = Release|Any CPU
	EndGlobalSection
	GlobalSection(SolutionProperties) = preSolution
		HideSolutionNode = FALSE
	EndGlobalSection
EndGlobal
